{
    "_readme": [
        "This file locks the dependencies of your project to a known state",
        "Read more about it at https://getcomposer.org/doc/01-basic-usage.md#composer-lock-the-lock-file",
        "This file is @generated automatically"
    ],
    "content-hash": "8383e8f8af67147467856aef3a0c4fef",
    "packages": [],
    "packages-dev": [
        {
            "name": "jabernardo/lollipop-php",
            "version": "v1.3.3",
            "source": {
                "type": "git",
                "url": "https://github.com/jabernardo/lollipop-php.git",
                "reference": "cf33bc2bb03d6b49f4c004f1ba59ed3fd76151e7"
            },
            "dist": {
                "type": "zip",
                "url": "https://api.github.com/repos/jabernardo/lollipop-php/zipball/cf33bc2bb03d6b49f4c004f1ba59ed3fd76151e7",
                "reference": "cf33bc2bb03d6b49f4c004f1ba59ed3fd76151e7",
                "shasum": ""
            },
            "require": {
                "php": ">=5.4.0"
            },
            "require-dev": {
                "phpunit/phpunit": "^6.0"
            },
            "type": "library",
            "autoload": {
                "files": [
                    "autoload.php"
                ]
            },
            "notification-url": "https://packagist.org/downloads/",
            "license": [
                "MIT"
            ],
            "authors": [
                {
                    "name": "John Aldrich Bernardo",
                    "email": "4ldrich@protonmail.com",
                    "homepage": "https://github.com/jabernardo",
                    "role": "Developer"
                }
            ],
            "description": "A slim and very flexible framework for PHP",
            "homepage": "https://github.com/jabernardo/lollipop-php",
            "keywords": [
                "framework",
                "library"
            ],
            "time": "2017-09-02T11:33:32+00:00"
        }
    ],
    "aliases": [],
    "minimum-stability": "dev",
    "stability-flags": [],
    "prefer-stable": false,
    "prefer-lowest": false,
    "platform": {
        "php": ">=5.4.0"
    },
    "platform-dev": {
        "php": ">=5.4.0"
    }
}
